
Microsoft Visual Studio Solution File, Format Version 12.00
# Visual Studio Version 16
VisualStudioVersion = 16.0.30225.117
MinimumVisualStudioVersion = 10.0.40219.1
Project("{FAE04EC0-301F-11D3-BF4B-00C04F79EFBC}") = "Epam.FitnessCenter.BLL", "Epam.FitnessCenter.BLL\Epam.FitnessCenter.BLL.csproj", "{39099F3D-B2DD-4BF7-8121-CE1D9568E641}"
EndProject
Project("{2150E333-8FDC-42A3-9474-1A3956D46DE8}") = "BLL", "BLL", "{E815A441-9FF8-428D-A3EE-AABFDE30FEA5}"
EndProject
Project("{2150E333-8FDC-42A3-9474-1A3956D46DE8}") = "DAL", "DAL", "{659D5545-27D5-4434-B4DB-CACD9741261F}"
EndProject
Project("{2150E333-8FDC-42A3-9474-1A3956D46DE8}") = "PL", "PL", "{06FAEDE0-70BA-4F4C-AD2F-68D12AB62562}"
EndProject
Project("{2150E333-8FDC-42A3-9474-1A3956D46DE8}") = "Common", "Common", "{C8D2D7B9-5839-462B-BB4E-52BB96677308}"
EndProject
Project("{2150E333-8FDC-42A3-9474-1A3956D46DE8}") = "Ioc", "Ioc", "{5EA44366-95ED-4EA6-9985-A0E6516B4656}"
EndProject
Project("{FAE04EC0-301F-11D3-BF4B-00C04F79EFBC}") = "Epam.FitnessCenter.BLL.Interface", "Epam.FitnessCenter.BLL.Interface\Epam.FitnessCenter.BLL.Interface.csproj", "{13EB2CE1-993F-4FBC-96C3-546C07414E6C}"
EndProject
Project("{FAE04EC0-301F-11D3-BF4B-00C04F79EFBC}") = "Epam.FitnessCenter.DAL", "Epam.FitnessCenter.DAL\Epam.FitnessCenter.DAL.csproj", "{03014746-7DE0-4E73-AA9B-FA0B2D2D84E1}"
EndProject
Project("{FAE04EC0-301F-11D3-BF4B-00C04F79EFBC}") = "Epam.FitnessCenter.DAL.Interface", "Epam.FitnessCenter.DAL.Interface\Epam.FitnessCenter.DAL.Interface.csproj", "{040A9107-F2DD-4794-A8B1-DB98FB66FE07}"
EndProject
Project("{FAE04EC0-301F-11D3-BF4B-00C04F79EFBC}") = "Epam.FitnessCenter.Ioc", "Epam.FitnessCenter.Ioc\Epam.FitnessCenter.Ioc.csproj", "{1BCDD583-1063-40E4-A536-579F7BFBD5E3}"
EndProject
Project("{FAE04EC0-301F-11D3-BF4B-00C04F79EFBC}") = "Epam.FitnessCenter.Entities", "Epam.FitnessCenter.Entities\Epam.FitnessCenter.Entities.csproj", "{3A13798E-CF77-4327-9C6C-6F8F52087CF9}"
EndProject
Project("{FAE04EC0-301F-11D3-BF4B-00C04F79EFBC}") = "WebPL", "WebPL\WebPL.csproj", "{876ED648-7F77-413F-9110-BD814C3F8313}"
EndProject
Global
	GlobalSection(SolutionConfigurationPlatforms) = preSolution
		Debug|Any CPU = Debug|Any CPU
		Release|Any CPU = Release|Any CPU
	EndGlobalSection
	GlobalSection(ProjectConfigurationPlatforms) = postSolution
		{39099F3D-B2DD-4BF7-8121-CE1D9568E641}.Debug|Any CPU.ActiveCfg = Debug|Any CPU
		{39099F3D-B2DD-4BF7-8121-CE1D9568E641}.Debug|Any CPU.Build.0 = Debug|Any CPU
		{39099F3D-B2DD-4BF7-8121-CE1D9568E641}.Release|Any CPU.ActiveCfg = Release|Any CPU
		{39099F3D-B2DD-4BF7-8121-CE1D9568E641}.Release|Any CPU.Build.0 = Release|Any CPU
		{13EB2CE1-993F-4FBC-96C3-546C07414E6C}.Debug|Any CPU.ActiveCfg = Debug|Any CPU
		{13EB2CE1-993F-4FBC-96C3-546C07414E6C}.Debug|Any CPU.Build.0 = Debug|Any CPU
		{13EB2CE1-993F-4FBC-96C3-546C07414E6C}.Release|Any CPU.ActiveCfg = Release|Any CPU
		{13EB2CE1-993F-4FBC-96C3-546C07414E6C}.Release|Any CPU.Build.0 = Release|Any CPU
		{03014746-7DE0-4E73-AA9B-FA0B2D2D84E1}.Debug|Any CPU.ActiveCfg = Debug|Any CPU
		{03014746-7DE0-4E73-AA9B-FA0B2D2D84E1}.Debug|Any CPU.Build.0 = Debug|Any CPU
		{03014746-7DE0-4E73-AA9B-FA0B2D2D84E1}.Release|Any CPU.ActiveCfg = Release|Any CPU
		{03014746-7DE0-4E73-AA9B-FA0B2D2D84E1}.Release|Any CPU.Build.0 = Release|Any CPU
		{040A9107-F2DD-4794-A8B1-DB98FB66FE07}.Debug|Any CPU.ActiveCfg = Debug|Any CPU
		{040A9107-F2DD-4794-A8B1-DB98FB66FE07}.Debug|Any CPU.Build.0 = Debug|Any CPU
		{040A9107-F2DD-4794-A8B1-DB98FB66FE07}.Release|Any CPU.ActiveCfg = Release|Any CPU
		{040A9107-F2DD-4794-A8B1-DB98FB66FE07}.Release|Any CPU.Build.0 = Release|Any CPU
		{1BCDD583-1063-40E4-A536-579F7BFBD5E3}.Debug|Any CPU.ActiveCfg = Debug|Any CPU
		{1BCDD583-1063-40E4-A536-579F7BFBD5E3}.Debug|Any CPU.Build.0 = Debug|Any CPU
		{1BCDD583-1063-40E4-A536-579F7BFBD5E3}.Release|Any CPU.ActiveCfg = Release|Any CPU
		{1BCDD583-1063-40E4-A536-579F7BFBD5E3}.Release|Any CPU.Build.0 = Release|Any CPU
		{3A13798E-CF77-4327-9C6C-6F8F52087CF9}.Debug|Any CPU.ActiveCfg = Debug|Any CPU
		{3A13798E-CF77-4327-9C6C-6F8F52087CF9}.Debug|Any CPU.Build.0 = Debug|Any CPU
		{3A13798E-CF77-4327-9C6C-6F8F52087CF9}.Release|Any CPU.ActiveCfg = Release|Any CPU
		{3A13798E-CF77-4327-9C6C-6F8F52087CF9}.Release|Any CPU.Build.0 = Release|Any CPU
		{876ED648-7F77-413F-9110-BD814C3F8313}.Debug|Any CPU.ActiveCfg = Debug|Any CPU
		{876ED648-7F77-413F-9110-BD814C3F8313}.Debug|Any CPU.Build.0 = Debug|Any CPU
		{876ED648-7F77-413F-9110-BD814C3F8313}.Release|Any CPU.ActiveCfg = Release|Any CPU
		{876ED648-7F77-413F-9110-BD814C3F8313}.Release|Any CPU.Build.0 = Release|Any CPU
	EndGlobalSection
	GlobalSection(SolutionProperties) = preSolution
		HideSolutionNode = FALSE
	EndGlobalSection
	GlobalSection(NestedProjects) = preSolution
		{39099F3D-B2DD-4BF7-8121-CE1D9568E641} = {E815A441-9FF8-428D-A3EE-AABFDE30FEA5}
		{13EB2CE1-993F-4FBC-96C3-546C07414E6C} = {E815A441-9FF8-428D-A3EE-AABFDE30FEA5}
		{03014746-7DE0-4E73-AA9B-FA0B2D2D84E1} = {659D5545-27D5-4434-B4DB-CACD9741261F}
		{040A9107-F2DD-4794-A8B1-DB98FB66FE07} = {659D5545-27D5-4434-B4DB-CACD9741261F}
		{1BCDD583-1063-40E4-A536-579F7BFBD5E3} = {5EA44366-95ED-4EA6-9985-A0E6516B4656}
		{3A13798E-CF77-4327-9C6C-6F8F52087CF9} = {C8D2D7B9-5839-462B-BB4E-52BB96677308}
		{876ED648-7F77-413F-9110-BD814C3F8313} = {06FAEDE0-70BA-4F4C-AD2F-68D12AB62562}
	EndGlobalSection
	GlobalSection(ExtensibilityGlobals) = postSolution
		SolutionGuid = {1297CC9A-AA03-490E-8102-FA1E1F95A15D}
	EndGlobalSection
EndGlobal
